
Microsoft Visual Studio Solution File, Format Version 12.00
# Visual Studio Version 17
VisualStudioVersion = 17.9.34616.47
MinimumVisualStudioVersion = 10.0.40219.1
Project("{8BC9CEB8-8B4A-11D0-8D11-00A0C91BC942}") = "Polymorphic_2", "Polymorphic_2.vcxproj", "{23457DC7-C197-48C0-8101-D3FD2BBAD003}"
EndProject
Global
	GlobalSection(SolutionConfigurationPlatforms) = preSolution
		Debug|x64 = Debug|x64
		Debug|x86 = Debug|x86
		Release|x64 = Release|x64
		Release|x86 = Release|x86
	EndGlobalSection
	GlobalSection(ProjectConfigurationPlatforms) = postSolution
		{23457DC7-C197-48C0-8101-D3FD2BBAD003}.Debug|x64.ActiveCfg = Debug|x64
		{23457DC7-C197-48C0-8101-D3FD2BBAD003}.Debug|x64.Build.0 = Debug|x64
		{23457DC7-C197-48C0-8101-D3FD2BBAD003}.Debug|x86.ActiveCfg = Debug|Win32
		{23457DC7-C197-48C0-8101-D3FD2BBAD003}.Debug|x86.Build.0 = Debug|Win32
		{23457DC7-C197-48C0-8101-D3FD2BBAD003}.Release|x64.ActiveCfg = Release|x64
		{23457DC7-C197-48C0-8101-D3FD2BBAD003}.Release|x64.Build.0 = Release|x64
		{23457DC7-C197-48C0-8101-D3FD2BBAD003}.Release|x86.ActiveCfg = Release|Win32
		{23457DC7-C197-48C0-8101-D3FD2BBAD003}.Release|x86.Build.0 = Release|Win32
	EndGlobalSection
	GlobalSection(SolutionProperties) = preSolution
		HideSolutionNode = FALSE
	EndGlobalSection
	GlobalSection(ExtensibilityGlobals) = postSolution
		SolutionGuid = {ED2B15C8-3AA2-44C5-B218-A16E4524B3E5}
	EndGlobalSection
EndGlobal
