
Microsoft Visual Studio Solution File, Format Version 12.00
# Visual Studio Version 17
VisualStudioVersion = 17.9.34616.47
MinimumVisualStudioVersion = 10.0.40219.1
Project("{8BC9CEB8-8B4A-11D0-8D11-00A0C91BC942}") = "list_homework", "list_homework.vcxproj", "{9FDD6F01-360B-4B4A-A78C-9D4866AAF7A2}"
EndProject
Global
	GlobalSection(SolutionConfigurationPlatforms) = preSolution
		Debug|x64 = Debug|x64
		Debug|x86 = Debug|x86
		Release|x64 = Release|x64
		Release|x86 = Release|x86
	EndGlobalSection
	GlobalSection(ProjectConfigurationPlatforms) = postSolution
		{9FDD6F01-360B-4B4A-A78C-9D4866AAF7A2}.Debug|x64.ActiveCfg = Debug|x64
		{9FDD6F01-360B-4B4A-A78C-9D4866AAF7A2}.Debug|x64.Build.0 = Debug|x64
		{9FDD6F01-360B-4B4A-A78C-9D4866AAF7A2}.Debug|x86.ActiveCfg = Debug|Win32
		{9FDD6F01-360B-4B4A-A78C-9D4866AAF7A2}.Debug|x86.Build.0 = Debug|Win32
		{9FDD6F01-360B-4B4A-A78C-9D4866AAF7A2}.Release|x64.ActiveCfg = Release|x64
		{9FDD6F01-360B-4B4A-A78C-9D4866AAF7A2}.Release|x64.Build.0 = Release|x64
		{9FDD6F01-360B-4B4A-A78C-9D4866AAF7A2}.Release|x86.ActiveCfg = Release|Win32
		{9FDD6F01-360B-4B4A-A78C-9D4866AAF7A2}.Release|x86.Build.0 = Release|Win32
	EndGlobalSection
	GlobalSection(SolutionProperties) = preSolution
		HideSolutionNode = FALSE
	EndGlobalSection
	GlobalSection(ExtensibilityGlobals) = postSolution
		SolutionGuid = {DB7D0FBA-C854-4EA6-B5F6-01F1EB1FE8DD}
	EndGlobalSection
EndGlobal
